# @generated - this file is auto-generated by `mise lock` https://mise.jdx.dev/dev-tools/mise-lock.html

[[tools.python]]
version = "3.11.11"
backend = "core:python"

[tools.python."platforms.linux-arm64"]
checksum = "sha256:3a81577e9b1cddf3d91796d7c22657aadccada8f78fb9e3e64ce8d2bbb95c73a"
url = "https://github.com/astral-sh/python-build-standalone/releases/download/20250317/cpython-3.11.11+20250317-aarch64-unknown-linux-gnu-install_only_stripped.tar.gz"
provenance = "github-attestations"

[tools.python."platforms.linux-x64"]
checksum = "sha256:b0736ee681f88bf487687b5248ca9fb15fe5f7d584f7d1ed2bc9c9578300b097"
url = "https://github.com/astral-sh/python-build-standalone/releases/download/20250317/cpython-3.11.11+20250317-x86_64-unknown-linux-gnu-install_only_stripped.tar.gz"
provenance = "github-attestations"

[tools.python."platforms.linux-x64-musl"]
checksum = "sha256:3f22be1386b169dbce0e524344e8c028019bc916d09b656cedc073412497d643"
url = "https://github.com/astral-sh/python-build-standalone/releases/download/20250317/cpython-3.11.11+20250317-x86_64-unknown-linux-musl-install_only_stripped.tar.gz"
provenance = "github-attestations"

[tools.python."platforms.macos-arm64"]
checksum = "sha256:f8df308b918750a466bf585b14befd4349e69d5135b83090254e6f2ee65b1bf1"
url = "https://github.com/astral-sh/python-build-standalone/releases/download/20250317/cpython-3.11.11+20250317-aarch64-apple-darwin-install_only_stripped.tar.gz"
provenance = "github-attestations"

[tools.python."platforms.macos-x64"]
checksum = "sha256:7b7b393c53c8371509087a60d858ee2567bc439bda13c81564647f79f3905224"
url = "https://github.com/astral-sh/python-build-standalone/releases/download/20250317/cpython-3.11.11+20250317-x86_64-apple-darwin-install_only_stripped.tar.gz"
provenance = "github-attestations"

[tools.python."platforms.windows-x64"]
checksum = "sha256:4a9409fedb95312eabbe2285c836f688742a0ea4e6ccab7f0d68cb0e0cbb2fe4"
url = "https://github.com/astral-sh/python-build-standalone/releases/download/20250317/cpython-3.11.11+20250317-x86_64-pc-windows-msvc-install_only_stripped.tar.gz"
provenance = "github-attestations"

[[tools.python]]
version = "3.13.11"
backend = "core:python"

[tools.python."platforms.linux-arm64"]
checksum = "sha256:f0f53642d65155007cbfa8601722f9bc189a5c8633f54fb78fcfef8bc817545f"
url = "https://github.com/astral-sh/python-build-standalone/releases/download/20260127/cpython-3.13.11+20260127-aarch64-unknown-linux-gnu-install_only_stripped.tar.gz"
provenance = "github-attestations"

[tools.python."platforms.linux-arm64-musl"]
checksum = "sha256:8acfe09c460a1e671682ae9337e2851efb6829763a24f667cb65f321693e943e"
url = "https://github.com/astral-sh/python-build-standalone/releases/download/20260127/cpython-3.13.11+20260127-aarch64-unknown-linux-musl-install_only_stripped.tar.gz"
provenance = "github-attestations"

[tools.python."platforms.linux-x64"]
checksum = "sha256:ec6aef3fec3183593445c2a57378d7f140e3a1fe637e7fec1dbfba10c5076549"
url = "https://github.com/astral-sh/python-build-standalone/releases/download/20260127/cpython-3.13.11+20260127-x86_64-unknown-linux-gnu-install_only_stripped.tar.gz"
provenance = "github-attestations"

[tools.python."platforms.linux-x64-musl"]
checksum = "sha256:d759524959ee7a82123b707dbeb51d7262c7ac0a182138815f43bdd47642553d"
url = "https://github.com/astral-sh/python-build-standalone/releases/download/20260127/cpython-3.13.11+20260127-x86_64-unknown-linux-musl-install_only_stripped.tar.gz"
provenance = "github-attestations"

[tools.python."platforms.macos-arm64"]
checksum = "sha256:718a87bf84d81cb81355488ca37be1f66c2252304be2090721016948de96e7ca"
url = "https://github.com/astral-sh/python-build-standalone/releases/download/20260127/cpython-3.13.11+20260127-aarch64-apple-darwin-install_only_stripped.tar.gz"
provenance = "github-attestations"

[tools.python."platforms.macos-x64"]
checksum = "sha256:2a84ac3dff6892d857b3bf7fc00f88335ed97f4ac4577e0651a56cc7f13239d7"
url = "https://github.com/astral-sh/python-build-standalone/releases/download/20260127/cpython-3.13.11+20260127-x86_64-apple-darwin-install_only_stripped.tar.gz"
provenance = "github-attestations"

[tools.python."platforms.windows-x64"]
checksum = "sha256:da73138f249d9eb38acf7b43225c40a8cd5ee2218474bbcf567e274626005f37"
url = "https://github.com/astral-sh/python-build-standalone/releases/download/20260127/cpython-3.13.11+20260127-x86_64-pc-windows-msvc-install_only_stripped.tar.gz"
provenance = "github-attestations"
