# @generated - this file is auto-generated by `mise lock` https://mise.jdx.dev/dev-tools/mise-lock.html

[[tools.pkl]]
version = "0.32.1"
backend = "aqua:apple/pkl"

[tools.pkl."platforms.linux-arm64"]
checksum = "sha256:a76d2dd47da435a8f911b0347373f47c7e59ea54fb75ff846d20b8df10dba058"
url = "https://github.com/apple/pkl/releases/download/0.32.1/pkl-linux-aarch64"
url_api = "https://api.github.com/repos/apple/pkl/releases/assets/487426568"

[tools.pkl."platforms.linux-arm64-musl"]
checksum = "sha256:a76d2dd47da435a8f911b0347373f47c7e59ea54fb75ff846d20b8df10dba058"
url = "https://github.com/apple/pkl/releases/download/0.32.1/pkl-linux-aarch64"
url_api = "https://api.github.com/repos/apple/pkl/releases/assets/487426568"

[tools.pkl."platforms.linux-x64"]
checksum = "sha256:3180b62da95c0cad1d904e9bb6c5f4a8f9032413c21e53194bb91ff1ee5f3211"
url = "https://github.com/apple/pkl/releases/download/0.32.1/pkl-linux-amd64"
url_api = "https://api.github.com/repos/apple/pkl/releases/assets/487426567"

[tools.pkl."platforms.linux-x64-musl"]
checksum = "sha256:3180b62da95c0cad1d904e9bb6c5f4a8f9032413c21e53194bb91ff1ee5f3211"
url = "https://github.com/apple/pkl/releases/download/0.32.1/pkl-linux-amd64"
url_api = "https://api.github.com/repos/apple/pkl/releases/assets/487426567"

[tools.pkl."platforms.macos-arm64"]
checksum = "sha256:563eb51c9a20b16a3625464ed745c675ed9750381f2126722696a0d7cac1d9d3"
url = "https://github.com/apple/pkl/releases/download/0.32.1/pkl-macos-aarch64"
url_api = "https://api.github.com/repos/apple/pkl/releases/assets/487426570"

[tools.pkl."platforms.macos-x64"]
checksum = "sha256:5b74b903234047960144f66f2cebdd12d267d9b98e8155ed91d2ae5ed27e2d1f"
url = "https://github.com/apple/pkl/releases/download/0.32.1/pkl-macos-amd64"
url_api = "https://api.github.com/repos/apple/pkl/releases/assets/487426599"

[tools.pkl."platforms.windows-x64"]
checksum = "sha256:8550a00fcf027335e42c5e2cd553b88e98845408cb1880b3e3d1860caf46d22a"
url = "https://github.com/apple/pkl/releases/download/0.32.1/pkl-windows-amd64.exe"
url_api = "https://api.github.com/repos/apple/pkl/releases/assets/487426668"

[[tools.python]]
version = "3.13.11"
backend = "core:python"

[tools.python."platforms.linux-arm64"]
checksum = "sha256:f0f53642d65155007cbfa8601722f9bc189a5c8633f54fb78fcfef8bc817545f"
url = "https://github.com/astral-sh/python-build-standalone/releases/download/20260127/cpython-3.13.11+20260127-aarch64-unknown-linux-gnu-install_only_stripped.tar.gz"
provenance = "github-attestations"

[tools.python."platforms.linux-arm64-musl"]
checksum = "sha256:8acfe09c460a1e671682ae9337e2851efb6829763a24f667cb65f321693e943e"
url = "https://github.com/astral-sh/python-build-standalone/releases/download/20260127/cpython-3.13.11+20260127-aarch64-unknown-linux-musl-install_only_stripped.tar.gz"
provenance = "github-attestations"

[tools.python."platforms.linux-x64"]
checksum = "sha256:ec6aef3fec3183593445c2a57378d7f140e3a1fe637e7fec1dbfba10c5076549"
url = "https://github.com/astral-sh/python-build-standalone/releases/download/20260127/cpython-3.13.11+20260127-x86_64-unknown-linux-gnu-install_only_stripped.tar.gz"
provenance = "github-attestations"

[tools.python."platforms.linux-x64-musl"]
checksum = "sha256:d759524959ee7a82123b707dbeb51d7262c7ac0a182138815f43bdd47642553d"
url = "https://github.com/astral-sh/python-build-standalone/releases/download/20260127/cpython-3.13.11+20260127-x86_64-unknown-linux-musl-install_only_stripped.tar.gz"
provenance = "github-attestations"

[tools.python."platforms.macos-arm64"]
checksum = "sha256:718a87bf84d81cb81355488ca37be1f66c2252304be2090721016948de96e7ca"
url = "https://github.com/astral-sh/python-build-standalone/releases/download/20260127/cpython-3.13.11+20260127-aarch64-apple-darwin-install_only_stripped.tar.gz"
provenance = "github-attestations"

[tools.python."platforms.macos-x64"]
checksum = "sha256:2a84ac3dff6892d857b3bf7fc00f88335ed97f4ac4577e0651a56cc7f13239d7"
url = "https://github.com/astral-sh/python-build-standalone/releases/download/20260127/cpython-3.13.11+20260127-x86_64-apple-darwin-install_only_stripped.tar.gz"
provenance = "github-attestations"

[tools.python."platforms.windows-x64"]
checksum = "sha256:da73138f249d9eb38acf7b43225c40a8cd5ee2218474bbcf567e274626005f37"
url = "https://github.com/astral-sh/python-build-standalone/releases/download/20260127/cpython-3.13.11+20260127-x86_64-pc-windows-msvc-install_only_stripped.tar.gz"
provenance = "github-attestations"

[[tools.python]]
version = "3.11.9"
backend = "core:python"

[tools.python."platforms.linux-arm64"]
checksum = "sha256:364cf099524fff92c31b8ff5ae3f7b32b0fa6cf1d380c6e37cf56140d08dfc87"
url = "https://github.com/astral-sh/python-build-standalone/releases/download/20240814/cpython-3.11.9+20240814-aarch64-unknown-linux-gnu-install_only_stripped.tar.gz"
provenance = "github-attestations"

[tools.python."platforms.linux-x64"]
checksum = "sha256:daa487c7e73005c4426ac393273117cf0e2dc4ab9b2eeda366e04cd00eea00c9"
url = "https://github.com/astral-sh/python-build-standalone/releases/download/20240814/cpython-3.11.9+20240814-x86_64-unknown-linux-gnu-install_only_stripped.tar.gz"
provenance = "github-attestations"

[tools.python."platforms.linux-x64-musl"]
checksum = "sha256:b3e94cbf19bd08bf02f6e6945f6c2211453f601c7c6f79721da63a06bf99b1f9"
url = "https://github.com/astral-sh/python-build-standalone/releases/download/20240814/cpython-3.11.9+20240814-x86_64-unknown-linux-musl-install_only_stripped.tar.gz"
provenance = "github-attestations"

[tools.python."platforms.macos-arm64"]
checksum = "sha256:c4e2f7774421bcb381245945e132419b529399dfa4a56059acda1493751fa377"
url = "https://github.com/astral-sh/python-build-standalone/releases/download/20240814/cpython-3.11.9+20240814-aarch64-apple-darwin-install_only_stripped.tar.gz"
provenance = "github-attestations"

[tools.python."platforms.macos-x64"]
checksum = "sha256:c8680f90137e36b54b3631271ccdfe5de363e7d563d8df87c53e11b956a00e04"
url = "https://github.com/astral-sh/python-build-standalone/releases/download/20240814/cpython-3.11.9+20240814-x86_64-apple-darwin-install_only_stripped.tar.gz"
provenance = "github-attestations"

[tools.python."platforms.windows-x64"]
checksum = "sha256:8ac54a8d711ef0d49b62a2c3521c2d0403f1b221dc9d84c5f85fe48903e82523"
url = "https://github.com/astral-sh/python-build-standalone/releases/download/20240814/cpython-3.11.9+20240814-x86_64-pc-windows-msvc-install_only_stripped.tar.gz"
provenance = "github-attestations"
